[[package]]
name = "demo_subscriber"
version = "0.1.0"
dependencies = [
 "tokio-trace 0.0.1 (git+https://github.com/tokio-rs/tokio)",
]

[[package]]
name = "lazy_static"
version = "1.3.0"
source = "registry+https://github.com/rust-lang/crates.io-index"

[[package]]
name = "tokio-trace"
version = "0.0.1"
source = "git+https://github.com/tokio-rs/tokio#e0e26bc2232f6e0fa041353b9a3faa1ba23208cf"
dependencies = [
 "tokio-trace-core 0.1.0 (registry+https://github.com/rust-lang/crates.io-index)",
]

[[package]]
name = "tokio-trace-core"
version = "0.1.0"
source = "registry+https://github.com/rust-lang/crates.io-index"
dependencies = [
 "lazy_static 1.3.0 (registry+https://github.com/rust-lang/crates.io-index)",
]

[metadata]
"checksum lazy_static 1.3.0 (registry+https://github.com/rust-lang/crates.io-index)" = "bc5729f27f159ddd61f4df6228e827e86643d4d3e7c32183cb30a1c08f604a14"
"checksum tokio-trace 0.0.1 (git+https://github.com/tokio-rs/tokio)" = "<none>"
"checksum tokio-trace-core 0.1.0 (registry+https://github.com/rust-lang/crates.io-index)" = "350c9edade9830dc185ae48ba45667a445ab59f6167ef6d0254ec9d2430d9dd3"
